
Microsoft Visual Studio Solution File, Format Version 12.00
# Visual Studio 14
VisualStudioVersion = 14.0.25420.1
MinimumVisualStudioVersion = 10.0.40219.1
Project("{FAE04EC0-301F-11D3-BF4B-00C04F79EFBC}") = "FileProcessingStatistics", "FileProcessingStatistics\FileProcessingStatistics.csproj", "{5B0C0B3A-B1AE-4560-AFCF-64483A7191EB}"
EndProject
Global
	GlobalSection(SolutionConfigurationPlatforms) = preSolution
		Debug|Any CPU = Debug|Any CPU
		Release|Any CPU = Release|Any CPU
	EndGlobalSection
	GlobalSection(ProjectConfigurationPlatforms) = postSolution
		{5B0C0B3A-B1AE-4560-AFCF-64483A7191EB}.Debug|Any CPU.ActiveCfg = Debug|Any CPU
		{5B0C0B3A-B1AE-4560-AFCF-64483A7191EB}.Debug|Any CPU.Build.0 = Debug|Any CPU
		{5B0C0B3A-B1AE-4560-AFCF-64483A7191EB}.Release|Any CPU.ActiveCfg = Release|Any CPU
		{5B0C0B3A-B1AE-4560-AFCF-64483A7191EB}.Release|Any CPU.Build.0 = Release|Any CPU
	EndGlobalSection
	GlobalSection(SolutionProperties) = preSolution
		HideSolutionNode = FALSE
	EndGlobalSection
EndGlobal
